# THIS IS AN AUTOGENERATED FILE. DO NOT EDIT THIS FILE DIRECTLY.
# yarn lockfile v1


"data-uri-to-buffer@^4.0.0":
  "version" "4.0.1"

"deep-extend@^0.6.0":
  "version" "0.6.0"

"fetch-blob@^3.1.2", "fetch-blob@^3.1.4":
  "version" "3.2.0"
  dependencies:
    "node-domexception" "^1.0.0"
    "web-streams-polyfill" "^3.0.3"

"formdata-polyfill@^4.0.10":
  "version" "4.0.10"
  dependencies:
    "fetch-blob" "^3.1.2"

"fs@^0.0.1-security":
  "version" "0.0.1-security"

"ini@~1.3.0":
  "version" "1.3.8"

"luxon@^3.4.2":
  "integrity" "sha512-uBoAVCVcajsrqy3pv7eo5jEUz1oeLmCcnMv8n4AJpT5hbpN9lUssAXibNElpbLce3Mhm9dyBzwYLs9zctM/0tA=="
  "resolved" "https://registry.npmjs.org/luxon/-/luxon-3.4.2.tgz"
  "version" "3.4.2"

"minimist@^1.2.0":
  "version" "1.2.8"

"node-cron@^3.0.2":
  "integrity" "sha512-iP8l0yGlNpE0e6q1o185yOApANRe47UPbLf4YxfbiNHt/RU5eBcGB/e0oudruheSf+LQeDMezqC5BVAb5wwRcQ=="
  "resolved" "https://registry.npmjs.org/node-cron/-/node-cron-3.0.2.tgz"
  "version" "3.0.2"
  dependencies:
    "uuid" "8.3.2"

"node-domexception@^1.0.0":
  "version" "1.0.0"

"node-fetch@^3.3.2":
  "version" "3.3.2"
  dependencies:
    "data-uri-to-buffer" "^4.0.0"
    "fetch-blob" "^3.1.4"
    "formdata-polyfill" "^4.0.10"

"rc@^1.2.8":
  "version" "1.2.8"
  dependencies:
    "deep-extend" "^0.6.0"
    "ini" "~1.3.0"
    "minimist" "^1.2.0"
    "strip-json-comments" "~2.0.1"

"strip-json-comments@~2.0.1":
  "version" "2.0.1"

"uuid@8.3.2":
  "integrity" "sha512-+NYs2QeMWy+GWFOEm9xnn6HCDp0l7QBD7ml8zLUmJ+93Q5NF0NocErnwkTkXVFNiX3/fpC6afS8Dhb/gz7R7eg=="
  "resolved" "https://registry.npmjs.org/uuid/-/uuid-8.3.2.tgz"
  "version" "8.3.2"

"web-streams-polyfill@^3.0.3":
  "version" "3.2.1"
