# This file is generated by running "yarn install" inside your project.
# Manual changes might be lost - proceed with caution!

__metadata:
  version: 6
  cacheKey: 8

"bignumber.js@npm:9.0.0":
  version: 9.0.0
  resolution: "bignumber.js@npm:9.0.0"
  checksum: 51f37890bca58bded63720add832b1c4898cf5b8ad95b5d4d9c3e763c461163d0355d11d91b740b0216b02e4e8cbb02455b28ee32140b775d96a39bbd817fdf6
  languageName: node
  linkType: hard

"colorette@npm:2.0.19":
  version: 2.0.19
  resolution: "colorette@npm:2.0.19"
  checksum: 888cf5493f781e5fcf54ce4d49e9d7d698f96ea2b2ef67906834bb319a392c667f9ec69f4a10e268d2946d13a9503d2d19b3abaaaf174e3451bfe91fb9d82427
  languageName: node
  linkType: hard

"commander@npm:^10.0.0":
  version: 10.0.1
  resolution: "commander@npm:10.0.1"
  checksum: 436901d64a818295803c1996cd856621a74f30b9f9e28a588e726b2b1670665bccd7c1a77007ebf328729f0139838a88a19265858a0fa7a8728c4656796db948
  languageName: node
  linkType: hard

"core-util-is@npm:~1.0.0":
  version: 1.0.3
  resolution: "core-util-is@npm:1.0.3"
  checksum: 9de8597363a8e9b9952491ebe18167e3b36e7707569eed0ebf14f8bba773611376466ae34575bca8cfe3c767890c859c74056084738f09d4e4a6f902b2ad7d99
  languageName: node
  linkType: hard

"database@workspace:.":
  version: 0.0.0-use.local
  resolution: "database@workspace:."
  dependencies:
    dotenv: ^16.3.1
    knex: ^2.5.1
    mysql: ^2.18.1
  languageName: unknown
  linkType: soft

"debug@npm:4.3.4":
  version: 4.3.4
  resolution: "debug@npm:4.3.4"
  dependencies:
    ms: 2.1.2
  peerDependenciesMeta:
    supports-color:
      optional: true
  checksum: 3dbad3f94ea64f34431a9cbf0bafb61853eda57bff2880036153438f50fb5a84f27683ba0d8e5426bf41a8c6ff03879488120cf5b3a761e77953169c0600a708
  languageName: node
  linkType: hard

"dotenv@npm:^16.3.1":
  version: 16.3.1
  resolution: "dotenv@npm:16.3.1"
  checksum: 15d75e7279018f4bafd0ee9706593dd14455ddb71b3bcba9c52574460b7ccaf67d5cf8b2c08a5af1a9da6db36c956a04a1192b101ee102a3e0cf8817bbcf3dfd
  languageName: node
  linkType: hard

"escalade@npm:^3.1.1":
  version: 3.1.1
  resolution: "escalade@npm:3.1.1"
  checksum: a3e2a99f07acb74b3ad4989c48ca0c3140f69f923e56d0cba0526240ee470b91010f9d39001f2a4a313841d237ede70a729e92125191ba5d21e74b106800b133
  languageName: node
  linkType: hard

"esm@npm:^3.2.25":
  version: 3.2.25
  resolution: "esm@npm:3.2.25"
  checksum: 978aabe2de83541c105605a6d60a26ed8e627ef6bb0a7605fe15a95bbdea6b8348bd045255cb22219c054dd09a81a94823df00843d9e97f42419c92015ce3a64
  languageName: node
  linkType: hard

"function-bind@npm:^1.1.1":
  version: 1.1.1
  resolution: "function-bind@npm:1.1.1"
  checksum: b32fbaebb3f8ec4969f033073b43f5c8befbb58f1a79e12f1d7490358150359ebd92f49e72ff0144f65f2c48ea2a605bff2d07965f548f6474fd8efd95bf361a
  languageName: node
  linkType: hard

"get-package-type@npm:^0.1.0":
  version: 0.1.0
  resolution: "get-package-type@npm:0.1.0"
  checksum: bba0811116d11e56d702682ddef7c73ba3481f114590e705fc549f4d868972263896af313c57a25c076e3c0d567e11d919a64ba1b30c879be985fc9d44f96148
  languageName: node
  linkType: hard

"getopts@npm:2.3.0":
  version: 2.3.0
  resolution: "getopts@npm:2.3.0"
  checksum: bbb5fcef8d4a8582cf4499ea3fc492d95322df2184e65d550ddacede04871e7ba33194c7abd06a6c5d540de3b70112a16f988787e236e1c66b89521032b398ce
  languageName: node
  linkType: hard

"has@npm:^1.0.3":
  version: 1.0.3
  resolution: "has@npm:1.0.3"
  dependencies:
    function-bind: ^1.1.1
  checksum: b9ad53d53be4af90ce5d1c38331e712522417d017d5ef1ebd0507e07c2fbad8686fffb8e12ddecd4c39ca9b9b47431afbb975b8abf7f3c3b82c98e9aad052792
  languageName: node
  linkType: hard

"inherits@npm:~2.0.3":
  version: 2.0.4
  resolution: "inherits@npm:2.0.4"
  checksum: 4a48a733847879d6cf6691860a6b1e3f0f4754176e4d71494c41f3475553768b10f84b5ce1d40fbd0e34e6bfbb864ee35858ad4dd2cf31e02fc4a154b724d7f1
  languageName: node
  linkType: hard

"interpret@npm:^2.2.0":
  version: 2.2.0
  resolution: "interpret@npm:2.2.0"
  checksum: f51efef7cb8d02da16408ffa3504cd6053014c5aeb7bb8c223727e053e4235bf565e45d67028b0c8740d917c603807aa3c27d7bd2f21bf20b6417e2bb3e5fd6e
  languageName: node
  linkType: hard

"is-core-module@npm:^2.13.0":
  version: 2.13.0
  resolution: "is-core-module@npm:2.13.0"
  dependencies:
    has: ^1.0.3
  checksum: 053ab101fb390bfeb2333360fd131387bed54e476b26860dc7f5a700bbf34a0ec4454f7c8c4d43e8a0030957e4b3db6e16d35e1890ea6fb654c833095e040355
  languageName: node
  linkType: hard

"isarray@npm:~1.0.0":
  version: 1.0.0
  resolution: "isarray@npm:1.0.0"
  checksum: f032df8e02dce8ec565cf2eb605ea939bdccea528dbcf565cdf92bfa2da9110461159d86a537388ef1acef8815a330642d7885b29010e8f7eac967c9993b65ab
  languageName: node
  linkType: hard

"knex@npm:^2.5.1":
  version: 2.5.1
  resolution: "knex@npm:2.5.1"
  dependencies:
    colorette: 2.0.19
    commander: ^10.0.0
    debug: 4.3.4
    escalade: ^3.1.1
    esm: ^3.2.25
    get-package-type: ^0.1.0
    getopts: 2.3.0
    interpret: ^2.2.0
    lodash: ^4.17.21
    pg-connection-string: 2.6.1
    rechoir: ^0.8.0
    resolve-from: ^5.0.0
    tarn: ^3.0.2
    tildify: 2.0.0
  peerDependenciesMeta:
    better-sqlite3:
      optional: true
    mysql:
      optional: true
    mysql2:
      optional: true
    pg:
      optional: true
    pg-native:
      optional: true
    sqlite3:
      optional: true
    tedious:
      optional: true
  bin:
    knex: bin/cli.js
  checksum: 4f2da7fda51a450de25274eb76034c869de0427c17831dc8472b8116e879d23aae0592c2ce4e9b2a473417867063ac6e7b29021b39b4a4d502335017a5a09278
  languageName: node
  linkType: hard

"lodash@npm:^4.17.21":
  version: 4.17.21
  resolution: "lodash@npm:4.17.21"
  checksum: eb835a2e51d381e561e508ce932ea50a8e5a68f4ebdd771ea240d3048244a8d13658acbd502cd4829768c56f2e16bdd4340b9ea141297d472517b83868e677f7
  languageName: node
  linkType: hard

"ms@npm:2.1.2":
  version: 2.1.2
  resolution: "ms@npm:2.1.2"
  checksum: 673cdb2c3133eb050c745908d8ce632ed2c02d85640e2edb3ace856a2266a813b30c613569bf3354fdf4ea7d1a1494add3bfa95e2713baa27d0c2c71fc44f58f
  languageName: node
  linkType: hard

"mysql@npm:^2.18.1":
  version: 2.18.1
  resolution: "mysql@npm:2.18.1"
  dependencies:
    bignumber.js: 9.0.0
    readable-stream: 2.3.7
    safe-buffer: 5.1.2
    sqlstring: 2.3.1
  checksum: 430dec8525e849bbb53f78ffc7aa85b2d1535f49f96ae06064089219cfabfdb9b4051e1fabcbacc0e5b85174ae4c762b071b99d4fb4d062e98f90e723b1def0a
  languageName: node
  linkType: hard

"path-parse@npm:^1.0.7":
  version: 1.0.7
  resolution: "path-parse@npm:1.0.7"
  checksum: 49abf3d81115642938a8700ec580da6e830dde670be21893c62f4e10bd7dd4c3742ddc603fe24f898cba7eb0c6bc1777f8d9ac14185d34540c6d4d80cd9cae8a
  languageName: node
  linkType: hard

"pg-connection-string@npm:2.6.1":
  version: 2.6.1
  resolution: "pg-connection-string@npm:2.6.1"
  checksum: 882344a47e1ecf3a91383e0809bf2ac48facea97fcec0358d6e060e1cbcb8737acde419b4c86f05da4ce4a16634ee50fff1d2bb787d73b52ccbfde697243ad8a
  languageName: node
  linkType: hard

"process-nextick-args@npm:~2.0.0":
  version: 2.0.1
  resolution: "process-nextick-args@npm:2.0.1"
  checksum: 1d38588e520dab7cea67cbbe2efdd86a10cc7a074c09657635e34f035277b59fbb57d09d8638346bf7090f8e8ebc070c96fa5fd183b777fff4f5edff5e9466cf
  languageName: node
  linkType: hard

"readable-stream@npm:2.3.7":
  version: 2.3.7
  resolution: "readable-stream@npm:2.3.7"
  dependencies:
    core-util-is: ~1.0.0
    inherits: ~2.0.3
    isarray: ~1.0.0
    process-nextick-args: ~2.0.0
    safe-buffer: ~5.1.1
    string_decoder: ~1.1.1
    util-deprecate: ~1.0.1
  checksum: e4920cf7549a60f8aaf694d483a0e61b2a878b969d224f89b3bc788b8d920075132c4b55a7494ee944c7b6a9a0eada28a7f6220d80b0312ece70bbf08eeca755
  languageName: node
  linkType: hard

"rechoir@npm:^0.8.0":
  version: 0.8.0
  resolution: "rechoir@npm:0.8.0"
  dependencies:
    resolve: ^1.20.0
  checksum: ad3caed8afdefbc33fbc30e6d22b86c35b3d51c2005546f4e79bcc03c074df804b3640ad18945e6bef9ed12caedc035655ec1082f64a5e94c849ff939dc0a788
  languageName: node
  linkType: hard

"resolve-from@npm:^5.0.0":
  version: 5.0.0
  resolution: "resolve-from@npm:5.0.0"
  checksum: 4ceeb9113e1b1372d0cd969f3468fa042daa1dd9527b1b6bb88acb6ab55d8b9cd65dbf18819f9f9ddf0db804990901dcdaade80a215e7b2c23daae38e64f5bdf
  languageName: node
  linkType: hard

"resolve@npm:^1.20.0":
  version: 1.22.4
  resolution: "resolve@npm:1.22.4"
  dependencies:
    is-core-module: ^2.13.0
    path-parse: ^1.0.7
    supports-preserve-symlinks-flag: ^1.0.0
  bin:
    resolve: bin/resolve
  checksum: 23f25174c2736ce24c6d918910e0d1f89b6b38fefa07a995dff864acd7863d59a7f049e691f93b4b2ee29696303390d921552b6d1b841ed4a8101f517e1d0124
  languageName: node
  linkType: hard

"resolve@patch:resolve@^1.20.0#~builtin<compat/resolve>":
  version: 1.22.4
  resolution: "resolve@patch:resolve@npm%3A1.22.4#~builtin<compat/resolve>::version=1.22.4&hash=c3c19d"
  dependencies:
    is-core-module: ^2.13.0
    path-parse: ^1.0.7
    supports-preserve-symlinks-flag: ^1.0.0
  bin:
    resolve: bin/resolve
  checksum: c45f2545fdc4d21883861b032789e20aa67a2f2692f68da320cc84d5724cd02f2923766c5354b3210897e88f1a7b3d6d2c7c22faeead8eed7078e4c783a444bc
  languageName: node
  linkType: hard

"safe-buffer@npm:5.1.2, safe-buffer@npm:~5.1.0, safe-buffer@npm:~5.1.1":
  version: 5.1.2
  resolution: "safe-buffer@npm:5.1.2"
  checksum: f2f1f7943ca44a594893a852894055cf619c1fbcb611237fc39e461ae751187e7baf4dc391a72125e0ac4fb2d8c5c0b3c71529622e6a58f46b960211e704903c
  languageName: node
  linkType: hard

"sqlstring@npm:2.3.1":
  version: 2.3.1
  resolution: "sqlstring@npm:2.3.1"
  checksum: de4299cf9bd0f49abae5b4eddde42c7ae7c447e035498ec50b3264610d6f0efbe433eeed2d20d48b6362bf46fd96c85cf6db240e994dbe6d5c3f9dac6d7ffd31
  languageName: node
  linkType: hard

"string_decoder@npm:~1.1.1":
  version: 1.1.1
  resolution: "string_decoder@npm:1.1.1"
  dependencies:
    safe-buffer: ~5.1.0
  checksum: 9ab7e56f9d60a28f2be697419917c50cac19f3e8e6c28ef26ed5f4852289fe0de5d6997d29becf59028556f2c62983790c1d9ba1e2a3cc401768ca12d5183a5b
  languageName: node
  linkType: hard

"supports-preserve-symlinks-flag@npm:^1.0.0":
  version: 1.0.0
  resolution: "supports-preserve-symlinks-flag@npm:1.0.0"
  checksum: 53b1e247e68e05db7b3808b99b892bd36fb096e6fba213a06da7fab22045e97597db425c724f2bbd6c99a3c295e1e73f3e4de78592289f38431049e1277ca0ae
  languageName: node
  linkType: hard

"tarn@npm:^3.0.2":
  version: 3.0.2
  resolution: "tarn@npm:3.0.2"
  checksum: 27a69658f02504979c5b02e500522e78ec12ef893b90cb00fdef794f9d847a92ed78f6c0ad12e82b8919519bded6a8d6d0000442cd0c6d6ea83cd9b7297729af
  languageName: node
  linkType: hard

"tildify@npm:2.0.0":
  version: 2.0.0
  resolution: "tildify@npm:2.0.0"
  checksum: 0f5fee93624c4afdf75ee224c3b65aece4817ba5317fd70f49eaf084ea720d73556a6ef3f50079425a773ba3b93805b4524d14057841d4e4336516fdbe80635b
  languageName: node
  linkType: hard

"util-deprecate@npm:~1.0.1":
  version: 1.0.2
  resolution: "util-deprecate@npm:1.0.2"
  checksum: 474acf1146cb2701fe3b074892217553dfcf9a031280919ba1b8d651a068c9b15d863b7303cb15bd00a862b498e6cf4ad7b4a08fb134edd5a6f7641681cb54a2
  languageName: node
  linkType: hard
